PODS:
  - MBProgressHUD (1.0.0)

DEPENDENCIES:
  - MBProgressHUD (= 1.0.0)

SPEC REPOS:
  https://github.com/cocoapods/specs.git:
    - MBProgressHUD

SPEC CHECKSUMS:
  MBProgressHUD: 4890f671c94e8a0f3cf959aa731e9de2f036d71a

PODFILE CHECKSUM: 05b92cad9985764742e57ba6eda4a6f6596acf54

COCOAPODS: 1.5.3
